
Microsoft Visual Studio Solution File, Format Version 12.00
# Visual Studio 15
VisualStudioVersion = 15.0.28307.1622
MinimumVisualStudioVersion = 10.0.40219.1
Project("{FAE04EC0-301F-11D3-BF4B-00C04F79EFBC}") = "000_NOTEPAD", "000_NOTEPAD\000_NOTEPAD.csproj", "{3A9C768C-7970-4FB8-A57A-8F075BDE7BED}"
EndProject
Global
	GlobalSection(SolutionConfigurationPlatforms) = preSolution
		Debug|Any CPU = Debug|Any CPU
		Release|Any CPU = Release|Any CPU
	EndGlobalSection
	GlobalSection(ProjectConfigurationPlatforms) = postSolution
		{3A9C768C-7970-4FB8-A57A-8F075BDE7BED}.Debug|Any CPU.ActiveCfg = Debug|Any CPU
		{3A9C768C-7970-4FB8-A57A-8F075BDE7BED}.Debug|Any CPU.Build.0 = Debug|Any CPU
		{3A9C768C-7970-4FB8-A57A-8F075BDE7BED}.Release|Any CPU.ActiveCfg = Release|Any CPU
		{3A9C768C-7970-4FB8-A57A-8F075BDE7BED}.Release|Any CPU.Build.0 = Release|Any CPU
	EndGlobalSection
	GlobalSection(SolutionProperties) = preSolution
		HideSolutionNode = FALSE
	EndGlobalSection
	GlobalSection(ExtensibilityGlobals) = postSolution
		SolutionGuid = {EC6216B9-5516-45AC-A363-4BF87F0CEBD3}
	EndGlobalSection
EndGlobal
